
Microsoft Visual Studio Solution File, Format Version 12.00
# Visual Studio Version 17
VisualStudioVersion = 17.13.35828.75 d17.13
MinimumVisualStudioVersion = 10.0.40219.1
Project("{FAE04EC0-301F-11D3-BF4B-00C04F79EFBC}") = "Domino", "Domino.csproj", "{60B08CDD-194C-4598-9A3C-F952596C5742}"
EndProject
Global
	GlobalSection(SolutionConfigurationPlatforms) = preSolution
		Debug|Any CPU = Debug|Any CPU
		Release|Any CPU = Release|Any CPU
	EndGlobalSection
	GlobalSection(ProjectConfigurationPlatforms) = postSolution
		{60B08CDD-194C-4598-9A3C-F952596C5742}.Debug|Any CPU.ActiveCfg = Debug|Any CPU
		{60B08CDD-194C-4598-9A3C-F952596C5742}.Debug|Any CPU.Build.0 = Debug|Any CPU
		{60B08CDD-194C-4598-9A3C-F952596C5742}.Release|Any CPU.ActiveCfg = Release|Any CPU
		{60B08CDD-194C-4598-9A3C-F952596C5742}.Release|Any CPU.Build.0 = Release|Any CPU
	EndGlobalSection
	GlobalSection(SolutionProperties) = preSolution
		HideSolutionNode = FALSE
	EndGlobalSection
	GlobalSection(ExtensibilityGlobals) = postSolution
		SolutionGuid = {C8F16027-BB4A-4BCD-A64F-85B3C144072E}
	EndGlobalSection
EndGlobal
